
Microsoft Visual Studio Solution File, Format Version 12.00
Project("{2150E333-8FDC-42A3-9474-1A3956D46DE8}") = "part1", "part1", "{FF63622B-AF55-400B-81E0-1D81BC562507}"
EndProject
Project("{FAE04EC0-301F-11D3-BF4B-00C04F79EFBC}") = "LinkedList_1", "part1\LinkedList_1\LinkedList_1.csproj", "{75EC0EFD-6C58-4CBF-8EC0-C3631ED46429}"
EndProject
Project("{FAE04EC0-301F-11D3-BF4B-00C04F79EFBC}") = "LinkedList_2", "part1\LinkedList_2\LinkedList_2.csproj", "{CC278E55-E916-4328-9510-2213868C3A06}"
EndProject
Project("{FAE04EC0-301F-11D3-BF4B-00C04F79EFBC}") = "LinkedList_3", "part1\LinkedList_3\LinkedList_3.csproj", "{C336FCE7-4E68-47FE-B49E-43B84002A341}"
EndProject
Project("{FAE04EC0-301F-11D3-BF4B-00C04F79EFBC}") = "DynamicList_4", "part1\DynamicList_4\DynamicList_4.csproj", "{65519448-A66D-48C4-9F75-E2C4D6E19049}"
EndProject
Project("{FAE04EC0-301F-11D3-BF4B-00C04F79EFBC}") = "Stack_5", "part1\Stack_5\Stack_5.csproj", "{90319F80-B710-4171-B772-9D5BB9E26453}"
EndProject
Project("{FAE04EC0-301F-11D3-BF4B-00C04F79EFBC}") = "Stack_6", "part1\Stack_6\Stack_6.csproj", "{7FFFBF82-1245-4B1A-A8B6-355BF2DA4A45}"
EndProject
Project("{FAE04EC0-301F-11D3-BF4B-00C04F79EFBC}") = "Queue_7", "part1\Queue_7\Queue_7.csproj", "{F4499704-9CAF-4ABB-9E66-7F37A745E3C5}"
EndProject
Project("{FAE04EC0-301F-11D3-BF4B-00C04F79EFBC}") = "Queue_8", "part1\Queue_8\Queue_8.csproj", "{5EEE3A57-C379-4FE5-9AF9-91D19483D290}"
EndProject
Project("{FAE04EC0-301F-11D3-BF4B-00C04F79EFBC}") = "Deque_9", "part1\Deque_9\Deque_9.csproj", "{95119557-8962-4EC7-950F-31243BCD761D}"
EndProject
Project("{FAE04EC0-301F-11D3-BF4B-00C04F79EFBC}") = "Deque_10", "part1\Deque_10\Deque_10.csproj", "{F9E94833-2E09-44CD-B8B2-BD7ADAA74BEF}"
EndProject
Project("{FAE04EC0-301F-11D3-BF4B-00C04F79EFBC}") = "OrderedList_11", "part1\OrderedList_11\OrderedList_11.csproj", "{65761EA6-0B61-4A8B-9E82-6535EE22E9AC}"
EndProject
Project("{FAE04EC0-301F-11D3-BF4B-00C04F79EFBC}") = "HashTable_12", "part1\HashTable_12\HashTable_12.csproj", "{FE284C02-4174-4802-9ED6-1D2851CC524E}"
EndProject
Project("{FAE04EC0-301F-11D3-BF4B-00C04F79EFBC}") = "NativeDictionary_13", "part1\NativeDictionary_13\NativeDictionary_13.csproj", "{A834D2BA-4710-4A67-860E-09A6B591125A}"
EndProject
Project("{FAE04EC0-301F-11D3-BF4B-00C04F79EFBC}") = "PowerSet_14", "part1\PowerSet_14\PowerSet_14.csproj", "{DD5889FC-E939-40AB-8F91-1A2DABAA628C}"
EndProject
Project("{FAE04EC0-301F-11D3-BF4B-00C04F79EFBC}") = "BloomFilter_15", "part1\BloomFilter_15\BloomFilter_15.csproj", "{AF5BF0AB-20B5-463F-9EF8-08C7637ED806}"
EndProject
Project("{FAE04EC0-301F-11D3-BF4B-00C04F79EFBC}") = "NativeCache_16", "part1\NativeCache_16\NativeCache_16.csproj", "{55B47BE0-DB0F-41F2-863F-F25214A6FADA}"
EndProject
Project("{2150E333-8FDC-42A3-9474-1A3956D46DE8}") = "part2", "part2", "{B3C226B3-DCF0-49BB-A5CF-62A1A632CFCB}"
EndProject
Project("{FAE04EC0-301F-11D3-BF4B-00C04F79EFBC}") = "SimpleTree_1", "part2\SimpleTree_1\SimpleTree_1.csproj", "{C883D24A-DCF2-429A-B78B-531FA21AE100}"
EndProject
Project("{FAE04EC0-301F-11D3-BF4B-00C04F79EFBC}") = "BinarySearchTree_2", "part2\BinarySearchTree_2\BinarySearchTree_2.csproj", "{FF7778E9-2C2E-4EB8-8FB2-9F585D6B2209}"
EndProject
Project("{FAE04EC0-301F-11D3-BF4B-00C04F79EFBC}") = "ArrayBinarySearchTree_3", "part2\ArrayBinarySearchTree_3\ArrayBinarySearchTree_3.csproj", "{9BF96293-3C3C-4A2F-AFF5-7ED34BE3427E}"
EndProject
Project("{FAE04EC0-301F-11D3-BF4B-00C04F79EFBC}") = "BalancedBinarySearchTree_4", "part2\BalancedBinarySearchTree_4\BalancedBinarySearchTree_4.csproj", "{D93151DC-EE2C-4A59-9A4A-21EE6196074E}"
EndProject
Project("{FAE04EC0-301F-11D3-BF4B-00C04F79EFBC}") = "BalancedBinarySearchTree_5", "part2\BalancedBinarySearchTree_5\BalancedBinarySearchTree_5.csproj", "{3DB61F44-4329-40E2-BCB1-E6E5B4F31889}"
EndProject
Project("{FAE04EC0-301F-11D3-BF4B-00C04F79EFBC}") = "Heap_6", "part2\Heap_6\Heap_6.csproj", "{51EC1A15-0B7B-4DA8-B269-6F64A891E3E4}"
EndProject
Project("{FAE04EC0-301F-11D3-BF4B-00C04F79EFBC}") = "Graph_7", "part2\Graph_7\Graph_7.csproj", "{B42B726B-91FF-429F-A881-2435B1951737}"
EndProject
Project("{FAE04EC0-301F-11D3-BF4B-00C04F79EFBC}") = "EvenTrees_8", "part2\EvenTrees_8\EvenTrees_8.csproj", "{16540449-6DF0-4BEC-B058-E91EB3FCBA0B}"
EndProject
Project("{FAE04EC0-301F-11D3-BF4B-00C04F79EFBC}") = "DFSGraph_9", "part2\DFSGraph_9\DFSGraph_9.csproj", "{EC382884-D94B-45B3-9F1A-C031892FC338}"
EndProject
Project("{FAE04EC0-301F-11D3-BF4B-00C04F79EFBC}") = "BFSGraph_10", "part2\BFSGraph_10\BFSGraph_10.csproj", "{1963B792-550F-418B-84C4-F06FA4C467AB}"
EndProject
Project("{FAE04EC0-301F-11D3-BF4B-00C04F79EFBC}") = "TrianglesGraph_11", "part2\TrianglesGraph_11\TrianglesGraph_11.csproj", "{66264FE9-ACF8-4E76-A1E2-0904555AAC76}"
EndProject
Project("{2150E333-8FDC-42A3-9474-1A3956D46DE8}") = "part3", "part3", "{1C2A2A1A-1716-4884-8731-F082574AFD5F}"
EndProject
Project("{FAE04EC0-301F-11D3-BF4B-00C04F79EFBC}") = "Sorting", "part3\Sorting\Sorting.csproj", "{8A667533-0EEE-4492-8F24-0120A64DF7D4}"
EndProject
Global
	GlobalSection(SolutionConfigurationPlatforms) = preSolution
		Debug|Any CPU = Debug|Any CPU
		Release|Any CPU = Release|Any CPU
	EndGlobalSection
	GlobalSection(ProjectConfigurationPlatforms) = postSolution
		{75EC0EFD-6C58-4CBF-8EC0-C3631ED46429}.Debug|Any CPU.ActiveCfg = Debug|Any CPU
		{75EC0EFD-6C58-4CBF-8EC0-C3631ED46429}.Debug|Any CPU.Build.0 = Debug|Any CPU
		{75EC0EFD-6C58-4CBF-8EC0-C3631ED46429}.Release|Any CPU.ActiveCfg = Release|Any CPU
		{75EC0EFD-6C58-4CBF-8EC0-C3631ED46429}.Release|Any CPU.Build.0 = Release|Any CPU
		{CC278E55-E916-4328-9510-2213868C3A06}.Debug|Any CPU.ActiveCfg = Debug|Any CPU
		{CC278E55-E916-4328-9510-2213868C3A06}.Debug|Any CPU.Build.0 = Debug|Any CPU
		{CC278E55-E916-4328-9510-2213868C3A06}.Release|Any CPU.ActiveCfg = Release|Any CPU
		{CC278E55-E916-4328-9510-2213868C3A06}.Release|Any CPU.Build.0 = Release|Any CPU
		{C336FCE7-4E68-47FE-B49E-43B84002A341}.Debug|Any CPU.ActiveCfg = Debug|Any CPU
		{C336FCE7-4E68-47FE-B49E-43B84002A341}.Debug|Any CPU.Build.0 = Debug|Any CPU
		{C336FCE7-4E68-47FE-B49E-43B84002A341}.Release|Any CPU.ActiveCfg = Release|Any CPU
		{C336FCE7-4E68-47FE-B49E-43B84002A341}.Release|Any CPU.Build.0 = Release|Any CPU
		{65519448-A66D-48C4-9F75-E2C4D6E19049}.Debug|Any CPU.ActiveCfg = Debug|Any CPU
		{65519448-A66D-48C4-9F75-E2C4D6E19049}.Debug|Any CPU.Build.0 = Debug|Any CPU
		{65519448-A66D-48C4-9F75-E2C4D6E19049}.Release|Any CPU.ActiveCfg = Release|Any CPU
		{65519448-A66D-48C4-9F75-E2C4D6E19049}.Release|Any CPU.Build.0 = Release|Any CPU
		{90319F80-B710-4171-B772-9D5BB9E26453}.Debug|Any CPU.ActiveCfg = Debug|Any CPU
		{90319F80-B710-4171-B772-9D5BB9E26453}.Debug|Any CPU.Build.0 = Debug|Any CPU
		{90319F80-B710-4171-B772-9D5BB9E26453}.Release|Any CPU.ActiveCfg = Release|Any CPU
		{90319F80-B710-4171-B772-9D5BB9E26453}.Release|Any CPU.Build.0 = Release|Any CPU
		{7FFFBF82-1245-4B1A-A8B6-355BF2DA4A45}.Debug|Any CPU.ActiveCfg = Debug|Any CPU
		{7FFFBF82-1245-4B1A-A8B6-355BF2DA4A45}.Debug|Any CPU.Build.0 = Debug|Any CPU
		{7FFFBF82-1245-4B1A-A8B6-355BF2DA4A45}.Release|Any CPU.ActiveCfg = Release|Any CPU
		{7FFFBF82-1245-4B1A-A8B6-355BF2DA4A45}.Release|Any CPU.Build.0 = Release|Any CPU
		{F4499704-9CAF-4ABB-9E66-7F37A745E3C5}.Debug|Any CPU.ActiveCfg = Debug|Any CPU
		{F4499704-9CAF-4ABB-9E66-7F37A745E3C5}.Debug|Any CPU.Build.0 = Debug|Any CPU
		{F4499704-9CAF-4ABB-9E66-7F37A745E3C5}.Release|Any CPU.ActiveCfg = Release|Any CPU
		{F4499704-9CAF-4ABB-9E66-7F37A745E3C5}.Release|Any CPU.Build.0 = Release|Any CPU
		{5EEE3A57-C379-4FE5-9AF9-91D19483D290}.Debug|Any CPU.ActiveCfg = Debug|Any CPU
		{5EEE3A57-C379-4FE5-9AF9-91D19483D290}.Debug|Any CPU.Build.0 = Debug|Any CPU
		{5EEE3A57-C379-4FE5-9AF9-91D19483D290}.Release|Any CPU.ActiveCfg = Release|Any CPU
		{5EEE3A57-C379-4FE5-9AF9-91D19483D290}.Release|Any CPU.Build.0 = Release|Any CPU
		{95119557-8962-4EC7-950F-31243BCD761D}.Debug|Any CPU.ActiveCfg = Debug|Any CPU
		{95119557-8962-4EC7-950F-31243BCD761D}.Debug|Any CPU.Build.0 = Debug|Any CPU
		{95119557-8962-4EC7-950F-31243BCD761D}.Release|Any CPU.ActiveCfg = Release|Any CPU
		{95119557-8962-4EC7-950F-31243BCD761D}.Release|Any CPU.Build.0 = Release|Any CPU
		{F9E94833-2E09-44CD-B8B2-BD7ADAA74BEF}.Debug|Any CPU.ActiveCfg = Debug|Any CPU
		{F9E94833-2E09-44CD-B8B2-BD7ADAA74BEF}.Debug|Any CPU.Build.0 = Debug|Any CPU
		{F9E94833-2E09-44CD-B8B2-BD7ADAA74BEF}.Release|Any CPU.ActiveCfg = Release|Any CPU
		{F9E94833-2E09-44CD-B8B2-BD7ADAA74BEF}.Release|Any CPU.Build.0 = Release|Any CPU
		{65761EA6-0B61-4A8B-9E82-6535EE22E9AC}.Debug|Any CPU.ActiveCfg = Debug|Any CPU
		{65761EA6-0B61-4A8B-9E82-6535EE22E9AC}.Debug|Any CPU.Build.0 = Debug|Any CPU
		{65761EA6-0B61-4A8B-9E82-6535EE22E9AC}.Release|Any CPU.ActiveCfg = Release|Any CPU
		{65761EA6-0B61-4A8B-9E82-6535EE22E9AC}.Release|Any CPU.Build.0 = Release|Any CPU
		{FE284C02-4174-4802-9ED6-1D2851CC524E}.Debug|Any CPU.ActiveCfg = Debug|Any CPU
		{FE284C02-4174-4802-9ED6-1D2851CC524E}.Debug|Any CPU.Build.0 = Debug|Any CPU
		{FE284C02-4174-4802-9ED6-1D2851CC524E}.Release|Any CPU.ActiveCfg = Release|Any CPU
		{FE284C02-4174-4802-9ED6-1D2851CC524E}.Release|Any CPU.Build.0 = Release|Any CPU
		{A834D2BA-4710-4A67-860E-09A6B591125A}.Debug|Any CPU.ActiveCfg = Debug|Any CPU
		{A834D2BA-4710-4A67-860E-09A6B591125A}.Debug|Any CPU.Build.0 = Debug|Any CPU
		{A834D2BA-4710-4A67-860E-09A6B591125A}.Release|Any CPU.ActiveCfg = Release|Any CPU
		{A834D2BA-4710-4A67-860E-09A6B591125A}.Release|Any CPU.Build.0 = Release|Any CPU
		{DD5889FC-E939-40AB-8F91-1A2DABAA628C}.Debug|Any CPU.ActiveCfg = Debug|Any CPU
		{DD5889FC-E939-40AB-8F91-1A2DABAA628C}.Debug|Any CPU.Build.0 = Debug|Any CPU
		{DD5889FC-E939-40AB-8F91-1A2DABAA628C}.Release|Any CPU.ActiveCfg = Release|Any CPU
		{DD5889FC-E939-40AB-8F91-1A2DABAA628C}.Release|Any CPU.Build.0 = Release|Any CPU
		{AF5BF0AB-20B5-463F-9EF8-08C7637ED806}.Debug|Any CPU.ActiveCfg = Debug|Any CPU
		{AF5BF0AB-20B5-463F-9EF8-08C7637ED806}.Debug|Any CPU.Build.0 = Debug|Any CPU
		{AF5BF0AB-20B5-463F-9EF8-08C7637ED806}.Release|Any CPU.ActiveCfg = Release|Any CPU
		{AF5BF0AB-20B5-463F-9EF8-08C7637ED806}.Release|Any CPU.Build.0 = Release|Any CPU
		{55B47BE0-DB0F-41F2-863F-F25214A6FADA}.Debug|Any CPU.ActiveCfg = Debug|Any CPU
		{55B47BE0-DB0F-41F2-863F-F25214A6FADA}.Debug|Any CPU.Build.0 = Debug|Any CPU
		{55B47BE0-DB0F-41F2-863F-F25214A6FADA}.Release|Any CPU.ActiveCfg = Release|Any CPU
		{55B47BE0-DB0F-41F2-863F-F25214A6FADA}.Release|Any CPU.Build.0 = Release|Any CPU
		{C883D24A-DCF2-429A-B78B-531FA21AE100}.Debug|Any CPU.ActiveCfg = Debug|Any CPU
		{C883D24A-DCF2-429A-B78B-531FA21AE100}.Debug|Any CPU.Build.0 = Debug|Any CPU
		{C883D24A-DCF2-429A-B78B-531FA21AE100}.Release|Any CPU.ActiveCfg = Release|Any CPU
		{C883D24A-DCF2-429A-B78B-531FA21AE100}.Release|Any CPU.Build.0 = Release|Any CPU
		{FF7778E9-2C2E-4EB8-8FB2-9F585D6B2209}.Debug|Any CPU.ActiveCfg = Debug|Any CPU
		{FF7778E9-2C2E-4EB8-8FB2-9F585D6B2209}.Debug|Any CPU.Build.0 = Debug|Any CPU
		{FF7778E9-2C2E-4EB8-8FB2-9F585D6B2209}.Release|Any CPU.ActiveCfg = Release|Any CPU
		{FF7778E9-2C2E-4EB8-8FB2-9F585D6B2209}.Release|Any CPU.Build.0 = Release|Any CPU
		{9BF96293-3C3C-4A2F-AFF5-7ED34BE3427E}.Debug|Any CPU.ActiveCfg = Debug|Any CPU
		{9BF96293-3C3C-4A2F-AFF5-7ED34BE3427E}.Debug|Any CPU.Build.0 = Debug|Any CPU
		{9BF96293-3C3C-4A2F-AFF5-7ED34BE3427E}.Release|Any CPU.ActiveCfg = Release|Any CPU
		{9BF96293-3C3C-4A2F-AFF5-7ED34BE3427E}.Release|Any CPU.Build.0 = Release|Any CPU
		{D93151DC-EE2C-4A59-9A4A-21EE6196074E}.Debug|Any CPU.ActiveCfg = Debug|Any CPU
		{D93151DC-EE2C-4A59-9A4A-21EE6196074E}.Debug|Any CPU.Build.0 = Debug|Any CPU
		{D93151DC-EE2C-4A59-9A4A-21EE6196074E}.Release|Any CPU.ActiveCfg = Release|Any CPU
		{D93151DC-EE2C-4A59-9A4A-21EE6196074E}.Release|Any CPU.Build.0 = Release|Any CPU
		{3DB61F44-4329-40E2-BCB1-E6E5B4F31889}.Debug|Any CPU.ActiveCfg = Debug|Any CPU
		{3DB61F44-4329-40E2-BCB1-E6E5B4F31889}.Debug|Any CPU.Build.0 = Debug|Any CPU
		{3DB61F44-4329-40E2-BCB1-E6E5B4F31889}.Release|Any CPU.ActiveCfg = Release|Any CPU
		{3DB61F44-4329-40E2-BCB1-E6E5B4F31889}.Release|Any CPU.Build.0 = Release|Any CPU
		{51EC1A15-0B7B-4DA8-B269-6F64A891E3E4}.Debug|Any CPU.ActiveCfg = Debug|Any CPU
		{51EC1A15-0B7B-4DA8-B269-6F64A891E3E4}.Debug|Any CPU.Build.0 = Debug|Any CPU
		{51EC1A15-0B7B-4DA8-B269-6F64A891E3E4}.Release|Any CPU.ActiveCfg = Release|Any CPU
		{51EC1A15-0B7B-4DA8-B269-6F64A891E3E4}.Release|Any CPU.Build.0 = Release|Any CPU
		{B42B726B-91FF-429F-A881-2435B1951737}.Debug|Any CPU.ActiveCfg = Debug|Any CPU
		{B42B726B-91FF-429F-A881-2435B1951737}.Debug|Any CPU.Build.0 = Debug|Any CPU
		{B42B726B-91FF-429F-A881-2435B1951737}.Release|Any CPU.ActiveCfg = Release|Any CPU
		{B42B726B-91FF-429F-A881-2435B1951737}.Release|Any CPU.Build.0 = Release|Any CPU
		{16540449-6DF0-4BEC-B058-E91EB3FCBA0B}.Debug|Any CPU.ActiveCfg = Debug|Any CPU
		{16540449-6DF0-4BEC-B058-E91EB3FCBA0B}.Debug|Any CPU.Build.0 = Debug|Any CPU
		{16540449-6DF0-4BEC-B058-E91EB3FCBA0B}.Release|Any CPU.ActiveCfg = Release|Any CPU
		{16540449-6DF0-4BEC-B058-E91EB3FCBA0B}.Release|Any CPU.Build.0 = Release|Any CPU
		{EC382884-D94B-45B3-9F1A-C031892FC338}.Debug|Any CPU.ActiveCfg = Debug|Any CPU
		{EC382884-D94B-45B3-9F1A-C031892FC338}.Debug|Any CPU.Build.0 = Debug|Any CPU
		{EC382884-D94B-45B3-9F1A-C031892FC338}.Release|Any CPU.ActiveCfg = Release|Any CPU
		{EC382884-D94B-45B3-9F1A-C031892FC338}.Release|Any CPU.Build.0 = Release|Any CPU
		{1963B792-550F-418B-84C4-F06FA4C467AB}.Debug|Any CPU.ActiveCfg = Debug|Any CPU
		{1963B792-550F-418B-84C4-F06FA4C467AB}.Debug|Any CPU.Build.0 = Debug|Any CPU
		{1963B792-550F-418B-84C4-F06FA4C467AB}.Release|Any CPU.ActiveCfg = Release|Any CPU
		{1963B792-550F-418B-84C4-F06FA4C467AB}.Release|Any CPU.Build.0 = Release|Any CPU
		{66264FE9-ACF8-4E76-A1E2-0904555AAC76}.Debug|Any CPU.ActiveCfg = Debug|Any CPU
		{66264FE9-ACF8-4E76-A1E2-0904555AAC76}.Debug|Any CPU.Build.0 = Debug|Any CPU
		{66264FE9-ACF8-4E76-A1E2-0904555AAC76}.Release|Any CPU.ActiveCfg = Release|Any CPU
		{66264FE9-ACF8-4E76-A1E2-0904555AAC76}.Release|Any CPU.Build.0 = Release|Any CPU
		{8A667533-0EEE-4492-8F24-0120A64DF7D4}.Debug|Any CPU.ActiveCfg = Debug|Any CPU
		{8A667533-0EEE-4492-8F24-0120A64DF7D4}.Debug|Any CPU.Build.0 = Debug|Any CPU
		{8A667533-0EEE-4492-8F24-0120A64DF7D4}.Release|Any CPU.ActiveCfg = Release|Any CPU
		{8A667533-0EEE-4492-8F24-0120A64DF7D4}.Release|Any CPU.Build.0 = Release|Any CPU
	EndGlobalSection
	GlobalSection(NestedProjects) = preSolution
		{75EC0EFD-6C58-4CBF-8EC0-C3631ED46429} = {FF63622B-AF55-400B-81E0-1D81BC562507}
		{CC278E55-E916-4328-9510-2213868C3A06} = {FF63622B-AF55-400B-81E0-1D81BC562507}
		{C336FCE7-4E68-47FE-B49E-43B84002A341} = {FF63622B-AF55-400B-81E0-1D81BC562507}
		{65519448-A66D-48C4-9F75-E2C4D6E19049} = {FF63622B-AF55-400B-81E0-1D81BC562507}
		{90319F80-B710-4171-B772-9D5BB9E26453} = {FF63622B-AF55-400B-81E0-1D81BC562507}
		{7FFFBF82-1245-4B1A-A8B6-355BF2DA4A45} = {FF63622B-AF55-400B-81E0-1D81BC562507}
		{F4499704-9CAF-4ABB-9E66-7F37A745E3C5} = {FF63622B-AF55-400B-81E0-1D81BC562507}
		{5EEE3A57-C379-4FE5-9AF9-91D19483D290} = {FF63622B-AF55-400B-81E0-1D81BC562507}
		{95119557-8962-4EC7-950F-31243BCD761D} = {FF63622B-AF55-400B-81E0-1D81BC562507}
		{F9E94833-2E09-44CD-B8B2-BD7ADAA74BEF} = {FF63622B-AF55-400B-81E0-1D81BC562507}
		{65761EA6-0B61-4A8B-9E82-6535EE22E9AC} = {FF63622B-AF55-400B-81E0-1D81BC562507}
		{FE284C02-4174-4802-9ED6-1D2851CC524E} = {FF63622B-AF55-400B-81E0-1D81BC562507}
		{A834D2BA-4710-4A67-860E-09A6B591125A} = {FF63622B-AF55-400B-81E0-1D81BC562507}
		{DD5889FC-E939-40AB-8F91-1A2DABAA628C} = {FF63622B-AF55-400B-81E0-1D81BC562507}
		{AF5BF0AB-20B5-463F-9EF8-08C7637ED806} = {FF63622B-AF55-400B-81E0-1D81BC562507}
		{55B47BE0-DB0F-41F2-863F-F25214A6FADA} = {FF63622B-AF55-400B-81E0-1D81BC562507}
		{C883D24A-DCF2-429A-B78B-531FA21AE100} = {B3C226B3-DCF0-49BB-A5CF-62A1A632CFCB}
		{FF7778E9-2C2E-4EB8-8FB2-9F585D6B2209} = {B3C226B3-DCF0-49BB-A5CF-62A1A632CFCB}
		{9BF96293-3C3C-4A2F-AFF5-7ED34BE3427E} = {B3C226B3-DCF0-49BB-A5CF-62A1A632CFCB}
		{D93151DC-EE2C-4A59-9A4A-21EE6196074E} = {B3C226B3-DCF0-49BB-A5CF-62A1A632CFCB}
		{3DB61F44-4329-40E2-BCB1-E6E5B4F31889} = {B3C226B3-DCF0-49BB-A5CF-62A1A632CFCB}
		{51EC1A15-0B7B-4DA8-B269-6F64A891E3E4} = {B3C226B3-DCF0-49BB-A5CF-62A1A632CFCB}
		{B42B726B-91FF-429F-A881-2435B1951737} = {B3C226B3-DCF0-49BB-A5CF-62A1A632CFCB}
		{16540449-6DF0-4BEC-B058-E91EB3FCBA0B} = {B3C226B3-DCF0-49BB-A5CF-62A1A632CFCB}
		{EC382884-D94B-45B3-9F1A-C031892FC338} = {B3C226B3-DCF0-49BB-A5CF-62A1A632CFCB}
		{1963B792-550F-418B-84C4-F06FA4C467AB} = {B3C226B3-DCF0-49BB-A5CF-62A1A632CFCB}
		{66264FE9-ACF8-4E76-A1E2-0904555AAC76} = {B3C226B3-DCF0-49BB-A5CF-62A1A632CFCB}
		{8A667533-0EEE-4492-8F24-0120A64DF7D4} = {1C2A2A1A-1716-4884-8731-F082574AFD5F}
	EndGlobalSection
EndGlobal
