
Microsoft Visual Studio Solution File, Format Version 12.00
Project("{FAE04EC0-301F-11D3-BF4B-00C04F79EFBC}") = "OOAP", "OOAP\OOAP.csproj", "{1C3E6F00-47DC-42FA-A59B-BF75DBE83AA8}"
EndProject
Project("{FAE04EC0-301F-11D3-BF4B-00C04F79EFBC}") = "OOAP2", "OOAP2\OOAP2.csproj", "{2A8392DA-1BA9-4AFA-BE41-A2B15475AA85}"
EndProject
Project("{FAE04EC0-301F-11D3-BF4B-00C04F79EFBC}") = "TestApp", "TestApp\TestApp.csproj", "{7A04C58A-E491-4C11-B8E6-68B80EDDE868}"
EndProject
Global
	GlobalSection(SolutionConfigurationPlatforms) = preSolution
		Debug|Any CPU = Debug|Any CPU
		Release|Any CPU = Release|Any CPU
	EndGlobalSection
	GlobalSection(ProjectConfigurationPlatforms) = postSolution
		{1C3E6F00-47DC-42FA-A59B-BF75DBE83AA8}.Debug|Any CPU.ActiveCfg = Debug|Any CPU
		{1C3E6F00-47DC-42FA-A59B-BF75DBE83AA8}.Debug|Any CPU.Build.0 = Debug|Any CPU
		{1C3E6F00-47DC-42FA-A59B-BF75DBE83AA8}.Release|Any CPU.ActiveCfg = Release|Any CPU
		{1C3E6F00-47DC-42FA-A59B-BF75DBE83AA8}.Release|Any CPU.Build.0 = Release|Any CPU
		{2A8392DA-1BA9-4AFA-BE41-A2B15475AA85}.Debug|Any CPU.ActiveCfg = Debug|Any CPU
		{2A8392DA-1BA9-4AFA-BE41-A2B15475AA85}.Debug|Any CPU.Build.0 = Debug|Any CPU
		{2A8392DA-1BA9-4AFA-BE41-A2B15475AA85}.Release|Any CPU.ActiveCfg = Release|Any CPU
		{2A8392DA-1BA9-4AFA-BE41-A2B15475AA85}.Release|Any CPU.Build.0 = Release|Any CPU
		{7A04C58A-E491-4C11-B8E6-68B80EDDE868}.Debug|Any CPU.ActiveCfg = Debug|Any CPU
		{7A04C58A-E491-4C11-B8E6-68B80EDDE868}.Debug|Any CPU.Build.0 = Debug|Any CPU
		{7A04C58A-E491-4C11-B8E6-68B80EDDE868}.Release|Any CPU.ActiveCfg = Release|Any CPU
		{7A04C58A-E491-4C11-B8E6-68B80EDDE868}.Release|Any CPU.Build.0 = Release|Any CPU
	EndGlobalSection
EndGlobal
